<?xml version="1.0" encoding="utf-8"?>
<Project ToolsVersion="4.0" xmlns="http://schemas.microsoft.com/developer/msbuild/2003">
  <ItemGroup>
    <Filter Include="Source Files">
      <UniqueIdentifier>{4FC737F1-C7A5-4376-A066-2A32D752A2FF}</UniqueIdentifier>
      <Extensions>cpp;c;cc;cxx;def;odl;idl;hpj;bat;asm;asmx</Extensions>
    </Filter>
    <Filter Include="Header Files">
      <UniqueIdentifier>{93995380-89BD-4b04-88EB-625FBE52EBFB}</UniqueIdentifier>
      <Extensions>h;hh;hpp;hxx;hm;inl;inc;xsd</Extensions>
    </Filter>
    <Filter Include="Resource Files">
      <UniqueIdentifier>{67DA6AB6-F800-4c08-8B7A-83BB121AAD01}</UniqueIdentifier>
      <Extensions>rc;ico;cur;bmp;dlg;rc2;rct;bin;rgs;gif;jpg;jpeg;jpe;resx;tiff;tif;png;wav;mfcribbon-ms</Extensions>
    </Filter>
    <Filter Include="Source Files\else">
      <UniqueIdentifier>{df85320b-001e-4980-bf13-f25967cb6f38}</UniqueIdentifier>
    </Filter>
    <Filter Include="Source Files\Physics">
      <UniqueIdentifier>{a1101a2e-d8df-4b38-935b-c817e161be7b}</UniqueIdentifier>
    </Filter>
    <Filter Include="Header Files\else">
      <UniqueIdentifier>{7357e704-eec6-46fc-9857-d9714b548768}</UniqueIdentifier>
    </Filter>
    <Filter Include="Header Files\Physics">
      <UniqueIdentifier>{b18c9945-7c98-4d13-a460-5ef425b4eca6}</UniqueIdentifier>
    </Filter>
  </ItemGroup>
  <ItemGroup>
    <ClCompile Include="BatchRenderer2D.cpp">
      <Filter>Source Files\else</Filter>
    </ClCompile>
    <ClCompile Include="buffer.cpp">
      <Filter>Source Files\else</Filter>
    </ClCompile>
    <ClCompile Include="FileUtils.cpp">
      <Filter>Source Files\else</Filter>
    </ClCompile>
    <ClCompile Include="group.cpp">
      <Filter>Source Files\else</Filter>
    </ClCompile>
    <ClCompile Include="indexbuffer.cpp">
      <Filter>Source Files\else</Filter>
    </ClCompile>
    <ClCompile Include="Label.cpp">
      <Filter>Source Files\else</Filter>
    </ClCompile>
    <ClCompile Include="layer.cpp">
      <Filter>Source Files\else</Filter>
    </ClCompile>
    <ClCompile Include="mat4.cpp">
      <Filter>Source Files\else</Filter>
    </ClCompile>
    <ClCompile Include="renderable2d.cpp">
      <Filter>Source Files\else</Filter>
    </ClCompile>
    <ClCompile Include="Shader.cpp">
      <Filter>Source Files\else</Filter>
    </ClCompile>
    <ClCompile Include="sprite.cpp">
      <Filter>Source Files\else</Filter>
    </ClCompile>
    <ClCompile Include="texture.cpp">
      <Filter>Source Files\else</Filter>
    </ClCompile>
    <ClCompile Include="vec2.cpp">
      <Filter>Source Files\else</Filter>
    </ClCompile>
    <ClCompile Include="vec3.cpp">
      <Filter>Source Files\else</Filter>
    </ClCompile>
    <ClCompile Include="vec4.cpp">
      <Filter>Source Files\else</Filter>
    </ClCompile>
    <ClCompile Include="vertexarray.cpp">
      <Filter>Source Files\else</Filter>
    </ClCompile>
    <ClCompile Include="window.cpp">
      <Filter>Source Files\else</Filter>
    </ClCompile>
    <ClCompile Include="PhysicsObject.cpp">
      <Filter>Source Files\Physics</Filter>
    </ClCompile>
    <ClCompile Include="main.cpp">
      <Filter>Source Files</Filter>
    </ClCompile>
  </ItemGroup>
  <ItemGroup>
    <ClInclude Include="BatchRenderer2D.h">
      <Filter>Header Files\else</Filter>
    </ClInclude>
    <ClInclude Include="buffer.h">
      <Filter>Header Files\else</Filter>
    </ClInclude>
    <ClInclude Include="fileutils.h">
      <Filter>Header Files\else</Filter>
    </ClInclude>
    <ClInclude Include="group.h">
      <Filter>Header Files\else</Filter>
    </ClInclude>
    <ClInclude Include="imageload.h">
      <Filter>Header Files\else</Filter>
    </ClInclude>
    <ClInclude Include="indexbuffer.h">
      <Filter>Header Files\else</Filter>
    </ClInclude>
    <ClInclude Include="Label.h">
      <Filter>Header Files\else</Filter>
    </ClInclude>
    <ClInclude Include="layer.h">
      <Filter>Header Files\else</Filter>
    </ClInclude>
    <ClInclude Include="mat4.h">
      <Filter>Header Files\else</Filter>
    </ClInclude>
    <ClInclude Include="Maths.h">
      <Filter>Header Files\else</Filter>
    </ClInclude>
    <ClInclude Include="MikaTestijuttuja.h">
      <Filter>Header Files\else</Filter>
    </ClInclude>
    <ClInclude Include="renderable2d.h">
      <Filter>Header Files\else</Filter>
    </ClInclude>
    <ClInclude Include="Shader.h">
      <Filter>Header Files\else</Filter>
    </ClInclude>
    <ClInclude Include="sprite.h">
      <Filter>Header Files\else</Filter>
    </ClInclude>
    <ClInclude Include="texture.h">
      <Filter>Header Files\else</Filter>
    </ClInclude>
    <ClInclude Include="vec2.h">
      <Filter>Header Files\else</Filter>
    </ClInclude>
    <ClInclude Include="vec3.h">
      <Filter>Header Files\else</Filter>
    </ClInclude>
    <ClInclude Include="vec4.h">
      <Filter>Header Files\else</Filter>
    </ClInclude>
    <ClInclude Include="vertexarray.h">
      <Filter>Header Files\else</Filter>
    </ClInclude>
    <ClInclude Include="window.h">
      <Filter>Header Files\else</Filter>
    </ClInclude>
    <ClInclude Include="PhysicsObject.h">
      <Filter>Header Files\Physics</Filter>
    </ClInclude>
    <ClInclude Include="ClassMath.h">
      <Filter>Header Files\else</Filter>
    </ClInclude>
  </ItemGroup>
</Project>